
Microsoft Visual Studio Solution File, Format Version 12.00
# Visual Studio Version 17
VisualStudioVersion = 17.12.35707.178
MinimumVisualStudioVersion = 10.0.40219.1
Project("{FAE04EC0-301F-11D3-BF4B-00C04F79EFBC}") = "AddressBookApplication", "AddressBookApplication\AddressBookApplication.csproj", "{4FEE60E8-C18A-4F0E-AF97-39CED79AF9E5}"
EndProject
Project("{FAE04EC0-301F-11D3-BF4B-00C04F79EFBC}") = "BusinessLayer", "BusinessLayer\BusinessLayer.csproj", "{46E8ABB3-3219-4C17-AF1E-07AA3353BCCC}"
EndProject
Project("{FAE04EC0-301F-11D3-BF4B-00C04F79EFBC}") = "ModelLayer", "ModelLayer\ModelLayer.csproj", "{936A2F7E-4E60-49C1-8EF7-884E947C75F3}"
EndProject
Project("{FAE04EC0-301F-11D3-BF4B-00C04F79EFBC}") = "RepositoryLayer", "RepositoryLayer\RepositoryLayer.csproj", "{CE5B2830-CBE2-49F4-8DFA-E715AF13B374}"
EndProject
Global
	GlobalSection(SolutionConfigurationPlatforms) = preSolution
		Debug|Any CPU = Debug|Any CPU
		Release|Any CPU = Release|Any CPU
	EndGlobalSection
	GlobalSection(ProjectConfigurationPlatforms) = postSolution
		{4FEE60E8-C18A-4F0E-AF97-39CED79AF9E5}.Debug|Any CPU.ActiveCfg = Debug|Any CPU
		{4FEE60E8-C18A-4F0E-AF97-39CED79AF9E5}.Debug|Any CPU.Build.0 = Debug|Any CPU
		{4FEE60E8-C18A-4F0E-AF97-39CED79AF9E5}.Release|Any CPU.ActiveCfg = Release|Any CPU
		{4FEE60E8-C18A-4F0E-AF97-39CED79AF9E5}.Release|Any CPU.Build.0 = Release|Any CPU
		{46E8ABB3-3219-4C17-AF1E-07AA3353BCCC}.Debug|Any CPU.ActiveCfg = Debug|Any CPU
		{46E8ABB3-3219-4C17-AF1E-07AA3353BCCC}.Debug|Any CPU.Build.0 = Debug|Any CPU
		{46E8ABB3-3219-4C17-AF1E-07AA3353BCCC}.Release|Any CPU.ActiveCfg = Release|Any CPU
		{46E8ABB3-3219-4C17-AF1E-07AA3353BCCC}.Release|Any CPU.Build.0 = Release|Any CPU
		{936A2F7E-4E60-49C1-8EF7-884E947C75F3}.Debug|Any CPU.ActiveCfg = Debug|Any CPU
		{936A2F7E-4E60-49C1-8EF7-884E947C75F3}.Debug|Any CPU.Build.0 = Debug|Any CPU
		{936A2F7E-4E60-49C1-8EF7-884E947C75F3}.Release|Any CPU.ActiveCfg = Release|Any CPU
		{936A2F7E-4E60-49C1-8EF7-884E947C75F3}.Release|Any CPU.Build.0 = Release|Any CPU
		{CE5B2830-CBE2-49F4-8DFA-E715AF13B374}.Debug|Any CPU.ActiveCfg = Debug|Any CPU
		{CE5B2830-CBE2-49F4-8DFA-E715AF13B374}.Debug|Any CPU.Build.0 = Debug|Any CPU
		{CE5B2830-CBE2-49F4-8DFA-E715AF13B374}.Release|Any CPU.ActiveCfg = Release|Any CPU
		{CE5B2830-CBE2-49F4-8DFA-E715AF13B374}.Release|Any CPU.Build.0 = Release|Any CPU
	EndGlobalSection
	GlobalSection(SolutionProperties) = preSolution
		HideSolutionNode = FALSE
	EndGlobalSection
EndGlobal
